
Microsoft Visual Studio Solution File, Format Version 12.00
# Visual Studio Version 17
VisualStudioVersion = 17.0.31903.59
MinimumVisualStudioVersion = 10.0.40219.1
Project("{2150E333-8FDC-42A3-9474-1A3956D46DE8}") = "src", "src", "{4CDC6543-0B84-4591-B504-E052F33694FD}"
EndProject
Project("{FAE04EC0-301F-11D3-BF4B-00C04F79EFBC}") = "VendCustomers", "src\VendCustomers\VendCustomers.csproj", "{0D34D895-537E-4077-848E-6949E2559536}"
EndProject
Project("{2150E333-8FDC-42A3-9474-1A3956D46DE8}") = "test", "test", "{327E111A-438C-4692-BC59-F18DFA6136DD}"
EndProject
Project("{FAE04EC0-301F-11D3-BF4B-00C04F79EFBC}") = "Vend.Tests", "test\Vend.Tests\Vend.Tests.csproj", "{5BAD0989-6B79-46A6-9262-2B4439630565}"
EndProject
Global
	GlobalSection(SolutionConfigurationPlatforms) = preSolution
		Debug|Any CPU = Debug|Any CPU
		Release|Any CPU = Release|Any CPU
	EndGlobalSection
	GlobalSection(SolutionProperties) = preSolution
		HideSolutionNode = FALSE
	EndGlobalSection
	GlobalSection(ProjectConfigurationPlatforms) = postSolution
		{0D34D895-537E-4077-848E-6949E2559536}.Debug|Any CPU.ActiveCfg = Debug|Any CPU
		{0D34D895-537E-4077-848E-6949E2559536}.Debug|Any CPU.Build.0 = Debug|Any CPU
		{0D34D895-537E-4077-848E-6949E2559536}.Release|Any CPU.ActiveCfg = Release|Any CPU
		{0D34D895-537E-4077-848E-6949E2559536}.Release|Any CPU.Build.0 = Release|Any CPU
		{5BAD0989-6B79-46A6-9262-2B4439630565}.Debug|Any CPU.ActiveCfg = Debug|Any CPU
		{5BAD0989-6B79-46A6-9262-2B4439630565}.Debug|Any CPU.Build.0 = Debug|Any CPU
		{5BAD0989-6B79-46A6-9262-2B4439630565}.Release|Any CPU.ActiveCfg = Release|Any CPU
		{5BAD0989-6B79-46A6-9262-2B4439630565}.Release|Any CPU.Build.0 = Release|Any CPU
		{20A921B0-9C45-4400-98E4-ED087B92AA76}.Debug|Any CPU.ActiveCfg = Debug|Any CPU
		{20A921B0-9C45-4400-98E4-ED087B92AA76}.Debug|Any CPU.Build.0 = Debug|Any CPU
		{20A921B0-9C45-4400-98E4-ED087B92AA76}.Release|Any CPU.ActiveCfg = Release|Any CPU
		{20A921B0-9C45-4400-98E4-ED087B92AA76}.Release|Any CPU.Build.0 = Release|Any CPU
	EndGlobalSection
	GlobalSection(NestedProjects) = preSolution
		{0D34D895-537E-4077-848E-6949E2559536} = {4CDC6543-0B84-4591-B504-E052F33694FD}
		{5BAD0989-6B79-46A6-9262-2B4439630565} = {327E111A-438C-4692-BC59-F18DFA6136DD}
	EndGlobalSection
EndGlobal
